
Microsoft Visual Studio Solution File, Format Version 12.00
# Visual Studio Version 16
VisualStudioVersion = 16.0.31105.61
MinimumVisualStudioVersion = 10.0.40219.1
Project("{9A19103F-16F7-4668-BE54-9A1E7A4F7556}") = "FFT_public", "FFT_public\FFT_public.csproj", "{F07C25A5-4BB1-4463-8E86-E05BBB3AB8AA}"
EndProject
Project("{2150E333-8FDC-42A3-9474-1A3956D46DE8}") = "Solution Items", "Solution Items", "{63A02F45-216D-48FE-AFBE-D5F02F8A6A06}"
	ProjectSection(SolutionItems) = preProject
		LICENSE.txt = LICENSE.txt
		README.txt = README.txt
	EndProjectSection
EndProject
Global
	GlobalSection(SolutionConfigurationPlatforms) = preSolution
		Debug|Any CPU = Debug|Any CPU
		Release|Any CPU = Release|Any CPU
	EndGlobalSection
	GlobalSection(ProjectConfigurationPlatforms) = postSolution
		{F07C25A5-4BB1-4463-8E86-E05BBB3AB8AA}.Debug|Any CPU.ActiveCfg = Debug|Any CPU
		{F07C25A5-4BB1-4463-8E86-E05BBB3AB8AA}.Debug|Any CPU.Build.0 = Debug|Any CPU
		{F07C25A5-4BB1-4463-8E86-E05BBB3AB8AA}.Release|Any CPU.ActiveCfg = Release|Any CPU
		{F07C25A5-4BB1-4463-8E86-E05BBB3AB8AA}.Release|Any CPU.Build.0 = Release|Any CPU
	EndGlobalSection
	GlobalSection(SolutionProperties) = preSolution
		HideSolutionNode = FALSE
	EndGlobalSection
	GlobalSection(ExtensibilityGlobals) = postSolution
		SolutionGuid = {9BAE0FD3-0A96-43FD-8432-406D688ABEE3}
	EndGlobalSection
EndGlobal
